{
    "_readme": [
        "This file locks the dependencies of your project to a known state",
        "Read more about it at https://getcomposer.org/doc/01-basic-usage.md#installing-dependencies",
        "This file is @generated automatically"
    ],
    "content-hash": "cab9be1e1be6e79b73e39d59a9118a99",
    "packages": [
        {
            "name": "leocavalcante/siler",
            "version": "v1.7.2",
            "source": {
                "type": "git",
                "url": "https://github.com/leocavalcante/siler.git",
                "reference": "929ce3669492211dc22575b0144d3fafda162976"
            },
            "dist": {
                "type": "zip",
                "url": "https://api.github.com/repos/leocavalcante/siler/zipball/929ce3669492211dc22575b0144d3fafda162976",
                "reference": "929ce3669492211dc22575b0144d3fafda162976",
                "shasum": ""
            },
            "require": {
                "php": ">=7.3"
            },
            "require-dev": {
                "cboden/ratchet": "^0.4.1",
                "cocur/slugify": "^3.2",
                "gabordemooij/redbean": "^5.4",
                "google/protobuf": "^3.11",
                "grpc/grpc": "^1.25",
                "laminas/laminas-diactoros": "^2.2",
                "laminas/laminas-httphandlerrunner": "^1.1",
                "laminas/laminas-stratigility": "^3.2",
                "monolog/monolog": "^2.0",
                "phpunit/phpunit": "^8.4",
                "squizlabs/php_codesniffer": "^3.5",
                "swiftmailer/swiftmailer": "^6.2",
                "swoole/ide-helper": "^4.4",
                "textalk/websocket": "^1.2",
                "twig/twig": "^3.0",
                "vimeo/psalm": "^3.7",
                "vlucas/phpdotenv": "^3.6",
                "webonyx/graphql-php": "^0.13"
            },
            "type": "library",
            "autoload": {
                "psr-4": {
                    "Siler\\": "src/"
                },
                "files": [
                    "src/Container/Container.php",
                    "src/Diactoros/Diactoros.php",
                    "src/Dotenv/Dotenv.php",
                    "src/Encoder/Json.php",
                    "src/Env/Env.php",
                    "src/File/File.php",
                    "src/Functional/Functional.php",
                    "src/Functional/Monad/Monad.php",
                    "src/GraphQL/GraphQL.php",
                    "src/Grpc/Grpc.php",
                    "src/Http/Http.php",
                    "src/Http/Request.php",
                    "src/Http/Response.php",
                    "src/HttpHandlerRunner/HttpHandlerRunner.php",
                    "src/Mail/SwiftMailer.php",
                    "src/Monolog/Monolog.php",
                    "src/Prelude/Str.php",
                    "src/Prelude/Tuple.php",
                    "src/Ratchet/Ratchet.php",
                    "src/Result/Result.php",
                    "src/Route/Route.php",
                    "src/Stratigility/Stratigility.php",
                    "src/Swoole/Swoole.php",
                    "src/Twig/Twig.php",
                    "src/Siler.php",
                    "src/facades.php"
                ]
            },
            "notification-url": "https://packagist.org/downloads/",
            "license": [
                "MIT"
            ],
            "authors": [
                {
                    "name": "leocavalcante",
                    "email": "lc@leocavalcante.com"
                }
            ],
            "description": "Siler is a set of general purpose high-level abstractions aiming an API for declarative programming in PHP.",
            "keywords": [
                "api",
                "framework",
                "functional",
                "graphql",
                "micro",
                "router",
                "swoole"
            ],
            "time": "2020-03-04T00:45:11+00:00"
        },
        {
            "name": "pagerfanta/pagerfanta",
            "version": "v2.1.3",
            "source": {
                "type": "git",
                "url": "https://github.com/whiteoctober/Pagerfanta.git",
                "reference": "a53ff01d521648d9dbca19b93ac6bc75a59b0972"
            },
            "dist": {
                "type": "zip",
                "url": "https://api.github.com/repos/whiteoctober/Pagerfanta/zipball/a53ff01d521648d9dbca19b93ac6bc75a59b0972",
                "reference": "a53ff01d521648d9dbca19b93ac6bc75a59b0972",
                "shasum": ""
            },
            "require": {
                "php": "^7.0"
            },
            "require-dev": {
                "doctrine/orm": "~2.3",
                "doctrine/phpcr-odm": "1.*",
                "jackalope/jackalope-doctrine-dbal": "1.*",
                "jmikola/geojson": "~1.0",
                "mandango/mandango": "~1.0@dev",
                "mandango/mondator": "~1.0@dev",
                "phpunit/phpunit": "^6.5",
                "propel/propel": "~2.0@dev",
                "propel/propel1": "~1.6",
                "ruflin/elastica": "~1.3",
                "solarium/solarium": "~3.1"
            },
            "suggest": {
                "doctrine/mongodb-odm": "To use the DoctrineODMMongoDBAdapter.",
                "doctrine/orm": "To use the DoctrineORMAdapter.",
                "doctrine/phpcr-odm": "To use the DoctrineODMPhpcrAdapter. >= 1.1.0",
                "mandango/mandango": "To use the MandangoAdapter.",
                "propel/propel": "To use the Propel2Adapter",
                "propel/propel1": "To use the PropelAdapter",
                "solarium/solarium": "To use the SolariumAdapter."
            },
            "type": "library",
            "extra": {
                "branch-alias": {
                    "dev-master": "1.0.x-dev"
                }
            },
            "autoload": {
                "psr-4": {
                    "Pagerfanta\\": "src/Pagerfanta/"
                }
            },
            "notification-url": "https://packagist.org/downloads/",
            "license": [
                "MIT"
            ],
            "authors": [
                {
                    "name": "Pablo Díez",
                    "email": "pablodip@gmail.com"
                }
            ],
            "description": "Pagination for PHP",
            "keywords": [
                "page",
                "pagination",
                "paginator",
                "paging"
            ],
            "time": "2019-07-17T20:56:16+00:00"
        },
        {
            "name": "symfony/intl",
            "version": "v5.0.5",
            "source": {
                "type": "git",
                "url": "https://github.com/symfony/intl.git",
                "reference": "2d1fb70e6e1c455a123218bebf6287d025c5bac5"
            },
            "dist": {
                "type": "zip",
                "url": "https://api.github.com/repos/symfony/intl/zipball/2d1fb70e6e1c455a123218bebf6287d025c5bac5",
                "reference": "2d1fb70e6e1c455a123218bebf6287d025c5bac5",
                "shasum": ""
            },
            "require": {
                "php": "^7.2.5",
                "symfony/polyfill-intl-icu": "~1.0"
            },
            "require-dev": {
                "symfony/filesystem": "^4.4|^5.0"
            },
            "suggest": {
                "ext-intl": "to use the component with locales other than \"en\""
            },
            "type": "library",
            "extra": {
                "branch-alias": {
                    "dev-master": "5.0-dev"
                }
            },
            "autoload": {
                "psr-4": {
                    "Symfony\\Component\\Intl\\": ""
                },
                "classmap": [
                    "Resources/stubs"
                ],
                "exclude-from-classmap": [
                    "/Tests/"
                ]
            },
            "notification-url": "https://packagist.org/downloads/",
            "license": [
                "MIT"
            ],
            "authors": [
                {
                    "name": "Bernhard Schussek",
                    "email": "bschussek@gmail.com"
                },
                {
                    "name": "Eriksen Costa",
                    "email": "eriksen.costa@infranology.com.br"
                },
                {
                    "name": "Igor Wiedler",
                    "email": "igor@wiedler.ch"
                },
                {
                    "name": "Symfony Community",
                    "homepage": "https://symfony.com/contributors"
                }
            ],
            "description": "A PHP replacement layer for the C intl extension that includes additional data from the ICU library.",
            "homepage": "https://symfony.com",
            "keywords": [
                "i18n",
                "icu",
                "internationalization",
                "intl",
                "l10n",
                "localization"
            ],
            "time": "2020-02-04T09:41:09+00:00"
        },
        {
            "name": "symfony/mime",
            "version": "v5.0.5",
            "source": {
                "type": "git",
                "url": "https://github.com/symfony/mime.git",
                "reference": "9b3e5b5e58c56bbd76628c952d2b78556d305f3c"
            },
            "dist": {
                "type": "zip",
                "url": "https://api.github.com/repos/symfony/mime/zipball/9b3e5b5e58c56bbd76628c952d2b78556d305f3c",
                "reference": "9b3e5b5e58c56bbd76628c952d2b78556d305f3c",
                "shasum": ""
            },
            "require": {
                "php": "^7.2.5",
                "symfony/polyfill-intl-idn": "^1.10",
                "symfony/polyfill-mbstring": "^1.0"
            },
            "conflict": {
                "symfony/mailer": "<4.4"
            },
            "require-dev": {
                "egulias/email-validator": "^2.1.10",
                "symfony/dependency-injection": "^4.4|^5.0"
            },
            "type": "library",
            "extra": {
                "branch-alias": {
                    "dev-master": "5.0-dev"
                }
            },
            "autoload": {
                "psr-4": {
                    "Symfony\\Component\\Mime\\": ""
                },
                "exclude-from-classmap": [
                    "/Tests/"
                ]
            },
            "notification-url": "https://packagist.org/downloads/",
            "license": [
                "MIT"
            ],
            "authors": [
                {
                    "name": "Fabien Potencier",
                    "email": "fabien@symfony.com"
                },
                {
                    "name": "Symfony Community",
                    "homepage": "https://symfony.com/contributors"
                }
            ],
            "description": "A library to manipulate MIME messages",
            "homepage": "https://symfony.com",
            "keywords": [
                "mime",
                "mime-type"
            ],
            "time": "2020-02-04T09:41:09+00:00"
        },
        {
            "name": "symfony/polyfill-ctype",
            "version": "v1.14.0",
            "source": {
                "type": "git",
                "url": "https://github.com/symfony/polyfill-ctype.git",
                "reference": "fbdeaec0df06cf3d51c93de80c7eb76e271f5a38"
            },
            "dist": {
                "type": "zip",
                "url": "https://api.github.com/repos/symfony/polyfill-ctype/zipball/fbdeaec0df06cf3d51c93de80c7eb76e271f5a38",
                "reference": "fbdeaec0df06cf3d51c93de80c7eb76e271f5a38",
                "shasum": ""
            },
            "require": {
                "php": ">=5.3.3"
            },
            "suggest": {
                "ext-ctype": "For best performance"
            },
            "type": "library",
            "extra": {
                "branch-alias": {
                    "dev-master": "1.14-dev"
                }
            },
            "autoload": {
                "psr-4": {
                    "Symfony\\Polyfill\\Ctype\\": ""
                },
                "files": [
                    "bootstrap.php"
                ]
            },
            "notification-url": "https://packagist.org/downloads/",
            "license": [
                "MIT"
            ],
            "authors": [
                {
                    "name": "Gert de Pagter",
                    "email": "BackEndTea@gmail.com"
                },
                {
                    "name": "Symfony Community",
                    "homepage": "https://symfony.com/contributors"
                }
            ],
            "description": "Symfony polyfill for ctype functions",
            "homepage": "https://symfony.com",
            "keywords": [
                "compatibility",
                "ctype",
                "polyfill",
                "portable"
            ],
            "time": "2020-01-13T11:15:53+00:00"
        },
        {
            "name": "symfony/polyfill-intl-icu",
            "version": "v1.14.0",
            "source": {
                "type": "git",
                "url": "https://github.com/symfony/polyfill-intl-icu.git",
                "reference": "727b3bb5bfa7ca9eeb86416784cf1c08a6289b86"
            },
            "dist": {
                "type": "zip",
                "url": "https://api.github.com/repos/symfony/polyfill-intl-icu/zipball/727b3bb5bfa7ca9eeb86416784cf1c08a6289b86",
                "reference": "727b3bb5bfa7ca9eeb86416784cf1c08a6289b86",
                "shasum": ""
            },
            "require": {
                "php": ">=5.3.3",
                "symfony/intl": "~2.3|~3.0|~4.0|~5.0"
            },
            "suggest": {
                "ext-intl": "For best performance"
            },
            "type": "library",
            "extra": {
                "branch-alias": {
                    "dev-master": "1.14-dev"
                }
            },
            "autoload": {
                "files": [
                    "bootstrap.php"
                ]
            },
            "notification-url": "https://packagist.org/downloads/",
            "license": [
                "MIT"
            ],
            "authors": [
                {
                    "name": "Nicolas Grekas",
                    "email": "p@tchwork.com"
                },
                {
                    "name": "Symfony Community",
                    "homepage": "https://symfony.com/contributors"
                }
            ],
            "description": "Symfony polyfill for intl's ICU-related data and classes",
            "homepage": "https://symfony.com",
            "keywords": [
                "compatibility",
                "icu",
                "intl",
                "polyfill",
                "portable",
                "shim"
            ],
            "time": "2020-01-13T11:15:53+00:00"
        },
        {
            "name": "symfony/polyfill-intl-idn",
            "version": "v1.14.0",
            "source": {
                "type": "git",
                "url": "https://github.com/symfony/polyfill-intl-idn.git",
                "reference": "6842f1a39cf7d580655688069a03dd7cd83d244a"
            },
            "dist": {
                "type": "zip",
                "url": "https://api.github.com/repos/symfony/polyfill-intl-idn/zipball/6842f1a39cf7d580655688069a03dd7cd83d244a",
                "reference": "6842f1a39cf7d580655688069a03dd7cd83d244a",
                "shasum": ""
            },
            "require": {
                "php": ">=5.3.3",
                "symfony/polyfill-mbstring": "^1.3",
                "symfony/polyfill-php72": "^1.10"
            },
            "suggest": {
                "ext-intl": "For best performance"
            },
            "type": "library",
            "extra": {
                "branch-alias": {
                    "dev-master": "1.14-dev"
                }
            },
            "autoload": {
                "psr-4": {
                    "Symfony\\Polyfill\\Intl\\Idn\\": ""
                },
                "files": [
                    "bootstrap.php"
                ]
            },
            "notification-url": "https://packagist.org/downloads/",
            "license": [
                "MIT"
            ],
            "authors": [
                {
                    "name": "Laurent Bassin",
                    "email": "laurent@bassin.info"
                },
                {
                    "name": "Symfony Community",
                    "homepage": "https://symfony.com/contributors"
                }
            ],
            "description": "Symfony polyfill for intl's idn_to_ascii and idn_to_utf8 functions",
            "homepage": "https://symfony.com",
            "keywords": [
                "compatibility",
                "idn",
                "intl",
                "polyfill",
                "portable",
                "shim"
            ],
            "time": "2020-01-17T12:01:36+00:00"
        },
        {
            "name": "symfony/polyfill-mbstring",
            "version": "v1.14.0",
            "source": {
                "type": "git",
                "url": "https://github.com/symfony/polyfill-mbstring.git",
                "reference": "34094cfa9abe1f0f14f48f490772db7a775559f2"
            },
            "dist": {
                "type": "zip",
                "url": "https://api.github.com/repos/symfony/polyfill-mbstring/zipball/34094cfa9abe1f0f14f48f490772db7a775559f2",
                "reference": "34094cfa9abe1f0f14f48f490772db7a775559f2",
                "shasum": ""
            },
            "require": {
                "php": ">=5.3.3"
            },
            "suggest": {
                "ext-mbstring": "For best performance"
            },
            "type": "library",
            "extra": {
                "branch-alias": {
                    "dev-master": "1.14-dev"
                }
            },
            "autoload": {
                "psr-4": {
                    "Symfony\\Polyfill\\Mbstring\\": ""
                },
                "files": [
                    "bootstrap.php"
                ]
            },
            "notification-url": "https://packagist.org/downloads/",
            "license": [
                "MIT"
            ],
            "authors": [
                {
                    "name": "Nicolas Grekas",
                    "email": "p@tchwork.com"
                },
                {
                    "name": "Symfony Community",
                    "homepage": "https://symfony.com/contributors"
                }
            ],
            "description": "Symfony polyfill for the Mbstring extension",
            "homepage": "https://symfony.com",
            "keywords": [
                "compatibility",
                "mbstring",
                "polyfill",
                "portable",
                "shim"
            ],
            "time": "2020-01-13T11:15:53+00:00"
        },
        {
            "name": "symfony/polyfill-php72",
            "version": "v1.14.0",
            "source": {
                "type": "git",
                "url": "https://github.com/symfony/polyfill-php72.git",
                "reference": "46ecacf4751dd0dc81e4f6bf01dbf9da1dc1dadf"
            },
            "dist": {
                "type": "zip",
                "url": "https://api.github.com/repos/symfony/polyfill-php72/zipball/46ecacf4751dd0dc81e4f6bf01dbf9da1dc1dadf",
                "reference": "46ecacf4751dd0dc81e4f6bf01dbf9da1dc1dadf",
                "shasum": ""
            },
            "require": {
                "php": ">=5.3.3"
            },
            "type": "library",
            "extra": {
                "branch-alias": {
                    "dev-master": "1.14-dev"
                }
            },
            "autoload": {
                "psr-4": {
                    "Symfony\\Polyfill\\Php72\\": ""
                },
                "files": [
                    "bootstrap.php"
                ]
            },
            "notification-url": "https://packagist.org/downloads/",
            "license": [
                "MIT"
            ],
            "authors": [
                {
                    "name": "Nicolas Grekas",
                    "email": "p@tchwork.com"
                },
                {
                    "name": "Symfony Community",
                    "homepage": "https://symfony.com/contributors"
                }
            ],
            "description": "Symfony polyfill backporting some PHP 7.2+ features to lower PHP versions",
            "homepage": "https://symfony.com",
            "keywords": [
                "compatibility",
                "polyfill",
                "portable",
                "shim"
            ],
            "time": "2020-01-13T11:15:53+00:00"
        },
        {
            "name": "twig/html-extra",
            "version": "v3.0.3",
            "source": {
                "type": "git",
                "url": "https://github.com/twigphp/html-extra.git",
                "reference": "0a0340aaba8c09e1c899d81fce6d45a1d6e448d5"
            },
            "dist": {
                "type": "zip",
                "url": "https://api.github.com/repos/twigphp/html-extra/zipball/0a0340aaba8c09e1c899d81fce6d45a1d6e448d5",
                "reference": "0a0340aaba8c09e1c899d81fce6d45a1d6e448d5",
                "shasum": ""
            },
            "require": {
                "php": "^7.1.3",
                "symfony/mime": "^4.3|^5.0",
                "twig/twig": "^2.4|^3.0"
            },
            "require-dev": {
                "symfony/phpunit-bridge": "^4.4|^5.0"
            },
            "type": "library",
            "extra": {
                "branch-alias": {
                    "dev-master": "3.0-dev"
                }
            },
            "autoload": {
                "psr-4": {
                    "Twig\\Extra\\Html\\": "src/"
                }
            },
            "notification-url": "https://packagist.org/downloads/",
            "license": [
                "MIT"
            ],
            "authors": [
                {
                    "name": "Fabien Potencier",
                    "email": "fabien@symfony.com",
                    "homepage": "http://fabien.potencier.org",
                    "role": "Lead Developer"
                }
            ],
            "description": "A Twig extension for HTML",
            "homepage": "https://twig.symfony.com",
            "keywords": [
                "html",
                "twig"
            ],
            "time": "2020-01-01T17:11:09+00:00"
        },
        {
            "name": "twig/intl-extra",
            "version": "v3.0.3",
            "source": {
                "type": "git",
                "url": "https://github.com/twigphp/intl-extra.git",
                "reference": "55d68a5836f40d62695488b4bdbc71fa71f52574"
            },
            "dist": {
                "type": "zip",
                "url": "https://api.github.com/repos/twigphp/intl-extra/zipball/55d68a5836f40d62695488b4bdbc71fa71f52574",
                "reference": "55d68a5836f40d62695488b4bdbc71fa71f52574",
                "shasum": ""
            },
            "require": {
                "php": "^7.1.3",
                "symfony/intl": "^4.3|^5.0",
                "twig/twig": "^2.4|^3.0"
            },
            "require-dev": {
                "symfony/phpunit-bridge": "^4.4|^5.0"
            },
            "type": "library",
            "extra": {
                "branch-alias": {
                    "dev-master": "3.0-dev"
                }
            },
            "autoload": {
                "psr-4": {
                    "Twig\\Extra\\Intl\\": "src/"
                }
            },
            "notification-url": "https://packagist.org/downloads/",
            "license": [
                "MIT"
            ],
            "authors": [
                {
                    "name": "Fabien Potencier",
                    "email": "fabien@symfony.com",
                    "homepage": "http://fabien.potencier.org",
                    "role": "Lead Developer"
                }
            ],
            "description": "A Twig extension for Intl",
            "homepage": "https://twig.symfony.com",
            "keywords": [
                "intl",
                "twig"
            ],
            "time": "2020-02-11T05:45:44+00:00"
        },
        {
            "name": "twig/markdown-extra",
            "version": "v3.0.3",
            "source": {
                "type": "git",
                "url": "https://github.com/twigphp/markdown-extra.git",
                "reference": "c9d09a12024febcb6976886794d095a31f1ce6fa"
            },
            "dist": {
                "type": "zip",
                "url": "https://api.github.com/repos/twigphp/markdown-extra/zipball/c9d09a12024febcb6976886794d095a31f1ce6fa",
                "reference": "c9d09a12024febcb6976886794d095a31f1ce6fa",
                "shasum": ""
            },
            "require": {
                "php": "^7.1.3",
                "twig/twig": "^2.4|^3.0"
            },
            "require-dev": {
                "erusev/parsedown": "^1.7",
                "league/commonmark": "^1.0",
                "league/html-to-markdown": "^4.8",
                "michelf/php-markdown": "^1.8",
                "symfony/phpunit-bridge": "^4.4|^5.0"
            },
            "type": "library",
            "extra": {
                "branch-alias": {
                    "dev-master": "3.0-dev"
                }
            },
            "autoload": {
                "psr-4": {
                    "Twig\\Extra\\Markdown\\": "src/"
                }
            },
            "notification-url": "https://packagist.org/downloads/",
            "license": [
                "MIT"
            ],
            "authors": [
                {
                    "name": "Fabien Potencier",
                    "email": "fabien@symfony.com",
                    "homepage": "http://fabien.potencier.org",
                    "role": "Lead Developer"
                }
            ],
            "description": "A Twig extension for Markdown",
            "homepage": "https://twig.symfony.com",
            "keywords": [
                "html",
                "markdown",
                "twig"
            ],
            "time": "2020-01-01T17:11:09+00:00"
        },
        {
            "name": "twig/twig",
            "version": "v3.0.3",
            "source": {
                "type": "git",
                "url": "https://github.com/twigphp/Twig.git",
                "reference": "3b88ccd180a6b61ebb517aea3b1a8906762a1dc2"
            },
            "dist": {
                "type": "zip",
                "url": "https://api.github.com/repos/twigphp/Twig/zipball/3b88ccd180a6b61ebb517aea3b1a8906762a1dc2",
                "reference": "3b88ccd180a6b61ebb517aea3b1a8906762a1dc2",
                "shasum": ""
            },
            "require": {
                "php": "^7.2.5",
                "symfony/polyfill-ctype": "^1.8",
                "symfony/polyfill-mbstring": "^1.3"
            },
            "require-dev": {
                "psr/container": "^1.0",
                "symfony/phpunit-bridge": "^4.4|^5.0"
            },
            "type": "library",
            "extra": {
                "branch-alias": {
                    "dev-master": "3.0-dev"
                }
            },
            "autoload": {
                "psr-4": {
                    "Twig\\": "src/"
                }
            },
            "notification-url": "https://packagist.org/downloads/",
            "license": [
                "BSD-3-Clause"
            ],
            "authors": [
                {
                    "name": "Fabien Potencier",
                    "email": "fabien@symfony.com",
                    "homepage": "http://fabien.potencier.org",
                    "role": "Lead Developer"
                },
                {
                    "name": "Twig Team",
                    "role": "Contributors"
                },
                {
                    "name": "Armin Ronacher",
                    "email": "armin.ronacher@active-4.com",
                    "role": "Project Founder"
                }
            ],
            "description": "Twig, the flexible, fast, and secure template language for PHP",
            "homepage": "https://twig.symfony.com",
            "keywords": [
                "templating"
            ],
            "time": "2020-02-11T15:33:47+00:00"
        }
    ],
    "packages-dev": [
        {
            "name": "symfony/var-dumper",
            "version": "v5.0.5",
            "source": {
                "type": "git",
                "url": "https://github.com/symfony/var-dumper.git",
                "reference": "3a37aeb1132d1035536d3d6aa9cb06c2ff9355e9"
            },
            "dist": {
                "type": "zip",
                "url": "https://api.github.com/repos/symfony/var-dumper/zipball/3a37aeb1132d1035536d3d6aa9cb06c2ff9355e9",
                "reference": "3a37aeb1132d1035536d3d6aa9cb06c2ff9355e9",
                "shasum": ""
            },
            "require": {
                "php": "^7.2.5",
                "symfony/polyfill-mbstring": "~1.0"
            },
            "conflict": {
                "phpunit/phpunit": "<5.4.3",
                "symfony/console": "<4.4"
            },
            "require-dev": {
                "ext-iconv": "*",
                "symfony/console": "^4.4|^5.0",
                "symfony/process": "^4.4|^5.0",
                "twig/twig": "^2.4|^3.0"
            },
            "suggest": {
                "ext-iconv": "To convert non-UTF-8 strings to UTF-8 (or symfony/polyfill-iconv in case ext-iconv cannot be used).",
                "ext-intl": "To show region name in time zone dump",
                "symfony/console": "To use the ServerDumpCommand and/or the bin/var-dump-server script"
            },
            "bin": [
                "Resources/bin/var-dump-server"
            ],
            "type": "library",
            "extra": {
                "branch-alias": {
                    "dev-master": "5.0-dev"
                }
            },
            "autoload": {
                "files": [
                    "Resources/functions/dump.php"
                ],
                "psr-4": {
                    "Symfony\\Component\\VarDumper\\": ""
                },
                "exclude-from-classmap": [
                    "/Tests/"
                ]
            },
            "notification-url": "https://packagist.org/downloads/",
            "license": [
                "MIT"
            ],
            "authors": [
                {
                    "name": "Nicolas Grekas",
                    "email": "p@tchwork.com"
                },
                {
                    "name": "Symfony Community",
                    "homepage": "https://symfony.com/contributors"
                }
            ],
            "description": "Symfony mechanism for exploring and dumping PHP variables",
            "homepage": "https://symfony.com",
            "keywords": [
                "debug",
                "dump"
            ],
            "time": "2020-02-26T22:30:10+00:00"
        }
    ],
    "aliases": [],
    "minimum-stability": "stable",
    "stability-flags": [],
    "prefer-stable": false,
    "prefer-lowest": false,
    "platform": [],
    "platform-dev": []
}
